
Microsoft Visual Studio Solution File, Format Version 12.00
# Visual Studio 15
VisualStudioVersion = 15.0.26430.16
MinimumVisualStudioVersion = 10.0.40219.1
Project("{FAE04EC0-301F-11D3-BF4B-00C04F79EFBC}") = "ZQuiz.NgApp", "ZQuiz3.NgApp\ZQuiz.NgApp.csproj", "{15628A62-EFC1-4C62-99F2-55F068BF02B0}"
EndProject
Project("{FAE04EC0-301F-11D3-BF4B-00C04F79EFBC}") = "ZQuiz.WebApi", "ZQuiz3.WebApi\ZQuiz.WebApi.csproj", "{53942E55-C4A9-461C-89AF-1972CB4492D7}"
EndProject
Project("{FAE04EC0-301F-11D3-BF4B-00C04F79EFBC}") = "ZQuiz.BusinessEntities", "ZQuiz.BusinessEntities\ZQuiz.BusinessEntities.csproj", "{236FE9A6-7203-4F7E-9BB7-66B3E1C2468B}"
EndProject
Project("{FAE04EC0-301F-11D3-BF4B-00C04F79EFBC}") = "ZQuiz.DataModel", "ZQuiz.DataModel\ZQuiz.DataModel.csproj", "{8082F4A8-838C-4070-AF52-CAB570EB8967}"
EndProject
Project("{FAE04EC0-301F-11D3-BF4B-00C04F79EFBC}") = "ZQuiz.BusinessServices", "ZQuiz.BusinessServices\ZQuiz.BusinessServices.csproj", "{B18C035E-F39D-4520-8593-5484D1907ADD}"
EndProject
Project("{FAE04EC0-301F-11D3-BF4B-00C04F79EFBC}") = "ZQuiz.TestHelper", "ZQuiz.TestHelper\ZQuiz.TestHelper.csproj", "{F9B513E0-F516-4FEA-8377-CC3AB392B97A}"
EndProject
Project("{FAE04EC0-301F-11D3-BF4B-00C04F79EFBC}") = "ZQuiz.Resolver", "ZQuiz.Resolver\ZQuiz.Resolver.csproj", "{028EE903-7850-4AAE-8E8E-4E33B64F9BF3}"
EndProject
Project("{FAE04EC0-301F-11D3-BF4B-00C04F79EFBC}") = "ZQuiz.WebApi.Tests", "ZQuiz3.WebApi.Tests\ZQuiz.WebApi.Tests.csproj", "{50340DFC-55AF-4B74-AA4B-8AE6A19F3630}"
EndProject
Project("{FAE04EC0-301F-11D3-BF4B-00C04F79EFBC}") = "ZQuiz.BusinessServices.Tests", "ZQuiz.BusinessServices.Tests\ZQuiz.BusinessServices.Tests.csproj", "{9C5C7CE2-47E4-4493-B252-921A9B5F34A4}"
EndProject
Global
	GlobalSection(SolutionConfigurationPlatforms) = preSolution
		Debug|Any CPU = Debug|Any CPU
		Debug|ARM = Debug|ARM
		Debug|x64 = Debug|x64
		Debug|x86 = Debug|x86
		Release|Any CPU = Release|Any CPU
		Release|ARM = Release|ARM
		Release|x64 = Release|x64
		Release|x86 = Release|x86
	EndGlobalSection
	GlobalSection(ProjectConfigurationPlatforms) = postSolution
		{15628A62-EFC1-4C62-99F2-55F068BF02B0}.Debug|Any CPU.ActiveCfg = Debug|Any CPU
		{15628A62-EFC1-4C62-99F2-55F068BF02B0}.Debug|Any CPU.Build.0 = Debug|Any CPU
		{15628A62-EFC1-4C62-99F2-55F068BF02B0}.Debug|ARM.ActiveCfg = Debug|Any CPU
		{15628A62-EFC1-4C62-99F2-55F068BF02B0}.Debug|ARM.Build.0 = Debug|Any CPU
		{15628A62-EFC1-4C62-99F2-55F068BF02B0}.Debug|x64.ActiveCfg = Debug|Any CPU
		{15628A62-EFC1-4C62-99F2-55F068BF02B0}.Debug|x64.Build.0 = Debug|Any CPU
		{15628A62-EFC1-4C62-99F2-55F068BF02B0}.Debug|x86.ActiveCfg = Debug|Any CPU
		{15628A62-EFC1-4C62-99F2-55F068BF02B0}.Debug|x86.Build.0 = Debug|Any CPU
		{15628A62-EFC1-4C62-99F2-55F068BF02B0}.Release|Any CPU.ActiveCfg = Release|Any CPU
		{15628A62-EFC1-4C62-99F2-55F068BF02B0}.Release|Any CPU.Build.0 = Release|Any CPU
		{15628A62-EFC1-4C62-99F2-55F068BF02B0}.Release|ARM.ActiveCfg = Release|Any CPU
		{15628A62-EFC1-4C62-99F2-55F068BF02B0}.Release|ARM.Build.0 = Release|Any CPU
		{15628A62-EFC1-4C62-99F2-55F068BF02B0}.Release|x64.ActiveCfg = Release|Any CPU
		{15628A62-EFC1-4C62-99F2-55F068BF02B0}.Release|x64.Build.0 = Release|Any CPU
		{15628A62-EFC1-4C62-99F2-55F068BF02B0}.Release|x86.ActiveCfg = Release|Any CPU
		{15628A62-EFC1-4C62-99F2-55F068BF02B0}.Release|x86.Build.0 = Release|Any CPU
		{53942E55-C4A9-461C-89AF-1972CB4492D7}.Debug|Any CPU.ActiveCfg = Debug|Any CPU
		{53942E55-C4A9-461C-89AF-1972CB4492D7}.Debug|Any CPU.Build.0 = Debug|Any CPU
		{53942E55-C4A9-461C-89AF-1972CB4492D7}.Debug|ARM.ActiveCfg = Debug|Any CPU
		{53942E55-C4A9-461C-89AF-1972CB4492D7}.Debug|ARM.Build.0 = Debug|Any CPU
		{53942E55-C4A9-461C-89AF-1972CB4492D7}.Debug|x64.ActiveCfg = Debug|Any CPU
		{53942E55-C4A9-461C-89AF-1972CB4492D7}.Debug|x64.Build.0 = Debug|Any CPU
		{53942E55-C4A9-461C-89AF-1972CB4492D7}.Debug|x86.ActiveCfg = Debug|Any CPU
		{53942E55-C4A9-461C-89AF-1972CB4492D7}.Debug|x86.Build.0 = Debug|Any CPU
		{53942E55-C4A9-461C-89AF-1972CB4492D7}.Release|Any CPU.ActiveCfg = Release|Any CPU
		{53942E55-C4A9-461C-89AF-1972CB4492D7}.Release|Any CPU.Build.0 = Release|Any CPU
		{53942E55-C4A9-461C-89AF-1972CB4492D7}.Release|ARM.ActiveCfg = Release|Any CPU
		{53942E55-C4A9-461C-89AF-1972CB4492D7}.Release|ARM.Build.0 = Release|Any CPU
		{53942E55-C4A9-461C-89AF-1972CB4492D7}.Release|x64.ActiveCfg = Release|Any CPU
		{53942E55-C4A9-461C-89AF-1972CB4492D7}.Release|x64.Build.0 = Release|Any CPU
		{53942E55-C4A9-461C-89AF-1972CB4492D7}.Release|x86.ActiveCfg = Release|Any CPU
		{53942E55-C4A9-461C-89AF-1972CB4492D7}.Release|x86.Build.0 = Release|Any CPU
		{236FE9A6-7203-4F7E-9BB7-66B3E1C2468B}.Debug|Any CPU.ActiveCfg = Debug|Any CPU
		{236FE9A6-7203-4F7E-9BB7-66B3E1C2468B}.Debug|Any CPU.Build.0 = Debug|Any CPU
		{236FE9A6-7203-4F7E-9BB7-66B3E1C2468B}.Debug|ARM.ActiveCfg = Debug|Any CPU
		{236FE9A6-7203-4F7E-9BB7-66B3E1C2468B}.Debug|ARM.Build.0 = Debug|Any CPU
		{236FE9A6-7203-4F7E-9BB7-66B3E1C2468B}.Debug|x64.ActiveCfg = Debug|Any CPU
		{236FE9A6-7203-4F7E-9BB7-66B3E1C2468B}.Debug|x64.Build.0 = Debug|Any CPU
		{236FE9A6-7203-4F7E-9BB7-66B3E1C2468B}.Debug|x86.ActiveCfg = Debug|Any CPU
		{236FE9A6-7203-4F7E-9BB7-66B3E1C2468B}.Debug|x86.Build.0 = Debug|Any CPU
		{236FE9A6-7203-4F7E-9BB7-66B3E1C2468B}.Release|Any CPU.ActiveCfg = Release|Any CPU
		{236FE9A6-7203-4F7E-9BB7-66B3E1C2468B}.Release|Any CPU.Build.0 = Release|Any CPU
		{236FE9A6-7203-4F7E-9BB7-66B3E1C2468B}.Release|ARM.ActiveCfg = Release|Any CPU
		{236FE9A6-7203-4F7E-9BB7-66B3E1C2468B}.Release|ARM.Build.0 = Release|Any CPU
		{236FE9A6-7203-4F7E-9BB7-66B3E1C2468B}.Release|x64.ActiveCfg = Release|Any CPU
		{236FE9A6-7203-4F7E-9BB7-66B3E1C2468B}.Release|x64.Build.0 = Release|Any CPU
		{236FE9A6-7203-4F7E-9BB7-66B3E1C2468B}.Release|x86.ActiveCfg = Release|Any CPU
		{236FE9A6-7203-4F7E-9BB7-66B3E1C2468B}.Release|x86.Build.0 = Release|Any CPU
		{8082F4A8-838C-4070-AF52-CAB570EB8967}.Debug|Any CPU.ActiveCfg = Debug|Any CPU
		{8082F4A8-838C-4070-AF52-CAB570EB8967}.Debug|Any CPU.Build.0 = Debug|Any CPU
		{8082F4A8-838C-4070-AF52-CAB570EB8967}.Debug|ARM.ActiveCfg = Debug|Any CPU
		{8082F4A8-838C-4070-AF52-CAB570EB8967}.Debug|ARM.Build.0 = Debug|Any CPU
		{8082F4A8-838C-4070-AF52-CAB570EB8967}.Debug|x64.ActiveCfg = Debug|Any CPU
		{8082F4A8-838C-4070-AF52-CAB570EB8967}.Debug|x64.Build.0 = Debug|Any CPU
		{8082F4A8-838C-4070-AF52-CAB570EB8967}.Debug|x86.ActiveCfg = Debug|Any CPU
		{8082F4A8-838C-4070-AF52-CAB570EB8967}.Debug|x86.Build.0 = Debug|Any CPU
		{8082F4A8-838C-4070-AF52-CAB570EB8967}.Release|Any CPU.ActiveCfg = Release|Any CPU
		{8082F4A8-838C-4070-AF52-CAB570EB8967}.Release|Any CPU.Build.0 = Release|Any CPU
		{8082F4A8-838C-4070-AF52-CAB570EB8967}.Release|ARM.ActiveCfg = Release|Any CPU
		{8082F4A8-838C-4070-AF52-CAB570EB8967}.Release|ARM.Build.0 = Release|Any CPU
		{8082F4A8-838C-4070-AF52-CAB570EB8967}.Release|x64.ActiveCfg = Release|Any CPU
		{8082F4A8-838C-4070-AF52-CAB570EB8967}.Release|x64.Build.0 = Release|Any CPU
		{8082F4A8-838C-4070-AF52-CAB570EB8967}.Release|x86.ActiveCfg = Release|Any CPU
		{8082F4A8-838C-4070-AF52-CAB570EB8967}.Release|x86.Build.0 = Release|Any CPU
		{B18C035E-F39D-4520-8593-5484D1907ADD}.Debug|Any CPU.ActiveCfg = Debug|Any CPU
		{B18C035E-F39D-4520-8593-5484D1907ADD}.Debug|Any CPU.Build.0 = Debug|Any CPU
		{B18C035E-F39D-4520-8593-5484D1907ADD}.Debug|ARM.ActiveCfg = Debug|Any CPU
		{B18C035E-F39D-4520-8593-5484D1907ADD}.Debug|ARM.Build.0 = Debug|Any CPU
		{B18C035E-F39D-4520-8593-5484D1907ADD}.Debug|x64.ActiveCfg = Debug|Any CPU
		{B18C035E-F39D-4520-8593-5484D1907ADD}.Debug|x64.Build.0 = Debug|Any CPU
		{B18C035E-F39D-4520-8593-5484D1907ADD}.Debug|x86.ActiveCfg = Debug|Any CPU
		{B18C035E-F39D-4520-8593-5484D1907ADD}.Debug|x86.Build.0 = Debug|Any CPU
		{B18C035E-F39D-4520-8593-5484D1907ADD}.Release|Any CPU.ActiveCfg = Release|Any CPU
		{B18C035E-F39D-4520-8593-5484D1907ADD}.Release|Any CPU.Build.0 = Release|Any CPU
		{B18C035E-F39D-4520-8593-5484D1907ADD}.Release|ARM.ActiveCfg = Release|Any CPU
		{B18C035E-F39D-4520-8593-5484D1907ADD}.Release|ARM.Build.0 = Release|Any CPU
		{B18C035E-F39D-4520-8593-5484D1907ADD}.Release|x64.ActiveCfg = Release|Any CPU
		{B18C035E-F39D-4520-8593-5484D1907ADD}.Release|x64.Build.0 = Release|Any CPU
		{B18C035E-F39D-4520-8593-5484D1907ADD}.Release|x86.ActiveCfg = Release|Any CPU
		{B18C035E-F39D-4520-8593-5484D1907ADD}.Release|x86.Build.0 = Release|Any CPU
		{F9B513E0-F516-4FEA-8377-CC3AB392B97A}.Debug|Any CPU.ActiveCfg = Debug|Any CPU
		{F9B513E0-F516-4FEA-8377-CC3AB392B97A}.Debug|Any CPU.Build.0 = Debug|Any CPU
		{F9B513E0-F516-4FEA-8377-CC3AB392B97A}.Debug|ARM.ActiveCfg = Debug|Any CPU
		{F9B513E0-F516-4FEA-8377-CC3AB392B97A}.Debug|ARM.Build.0 = Debug|Any CPU
		{F9B513E0-F516-4FEA-8377-CC3AB392B97A}.Debug|x64.ActiveCfg = Debug|Any CPU
		{F9B513E0-F516-4FEA-8377-CC3AB392B97A}.Debug|x64.Build.0 = Debug|Any CPU
		{F9B513E0-F516-4FEA-8377-CC3AB392B97A}.Debug|x86.ActiveCfg = Debug|Any CPU
		{F9B513E0-F516-4FEA-8377-CC3AB392B97A}.Debug|x86.Build.0 = Debug|Any CPU
		{F9B513E0-F516-4FEA-8377-CC3AB392B97A}.Release|Any CPU.ActiveCfg = Release|Any CPU
		{F9B513E0-F516-4FEA-8377-CC3AB392B97A}.Release|Any CPU.Build.0 = Release|Any CPU
		{F9B513E0-F516-4FEA-8377-CC3AB392B97A}.Release|ARM.ActiveCfg = Release|Any CPU
		{F9B513E0-F516-4FEA-8377-CC3AB392B97A}.Release|ARM.Build.0 = Release|Any CPU
		{F9B513E0-F516-4FEA-8377-CC3AB392B97A}.Release|x64.ActiveCfg = Release|Any CPU
		{F9B513E0-F516-4FEA-8377-CC3AB392B97A}.Release|x64.Build.0 = Release|Any CPU
		{F9B513E0-F516-4FEA-8377-CC3AB392B97A}.Release|x86.ActiveCfg = Release|Any CPU
		{F9B513E0-F516-4FEA-8377-CC3AB392B97A}.Release|x86.Build.0 = Release|Any CPU
		{028EE903-7850-4AAE-8E8E-4E33B64F9BF3}.Debug|Any CPU.ActiveCfg = Debug|Any CPU
		{028EE903-7850-4AAE-8E8E-4E33B64F9BF3}.Debug|Any CPU.Build.0 = Debug|Any CPU
		{028EE903-7850-4AAE-8E8E-4E33B64F9BF3}.Debug|ARM.ActiveCfg = Debug|Any CPU
		{028EE903-7850-4AAE-8E8E-4E33B64F9BF3}.Debug|ARM.Build.0 = Debug|Any CPU
		{028EE903-7850-4AAE-8E8E-4E33B64F9BF3}.Debug|x64.ActiveCfg = Debug|Any CPU
		{028EE903-7850-4AAE-8E8E-4E33B64F9BF3}.Debug|x64.Build.0 = Debug|Any CPU
		{028EE903-7850-4AAE-8E8E-4E33B64F9BF3}.Debug|x86.ActiveCfg = Debug|Any CPU
		{028EE903-7850-4AAE-8E8E-4E33B64F9BF3}.Debug|x86.Build.0 = Debug|Any CPU
		{028EE903-7850-4AAE-8E8E-4E33B64F9BF3}.Release|Any CPU.ActiveCfg = Release|Any CPU
		{028EE903-7850-4AAE-8E8E-4E33B64F9BF3}.Release|Any CPU.Build.0 = Release|Any CPU
		{028EE903-7850-4AAE-8E8E-4E33B64F9BF3}.Release|ARM.ActiveCfg = Release|Any CPU
		{028EE903-7850-4AAE-8E8E-4E33B64F9BF3}.Release|ARM.Build.0 = Release|Any CPU
		{028EE903-7850-4AAE-8E8E-4E33B64F9BF3}.Release|x64.ActiveCfg = Release|Any CPU
		{028EE903-7850-4AAE-8E8E-4E33B64F9BF3}.Release|x64.Build.0 = Release|Any CPU
		{028EE903-7850-4AAE-8E8E-4E33B64F9BF3}.Release|x86.ActiveCfg = Release|Any CPU
		{028EE903-7850-4AAE-8E8E-4E33B64F9BF3}.Release|x86.Build.0 = Release|Any CPU
		{50340DFC-55AF-4B74-AA4B-8AE6A19F3630}.Debug|Any CPU.ActiveCfg = Debug|Any CPU
		{50340DFC-55AF-4B74-AA4B-8AE6A19F3630}.Debug|Any CPU.Build.0 = Debug|Any CPU
		{50340DFC-55AF-4B74-AA4B-8AE6A19F3630}.Debug|ARM.ActiveCfg = Debug|Any CPU
		{50340DFC-55AF-4B74-AA4B-8AE6A19F3630}.Debug|ARM.Build.0 = Debug|Any CPU
		{50340DFC-55AF-4B74-AA4B-8AE6A19F3630}.Debug|x64.ActiveCfg = Debug|Any CPU
		{50340DFC-55AF-4B74-AA4B-8AE6A19F3630}.Debug|x64.Build.0 = Debug|Any CPU
		{50340DFC-55AF-4B74-AA4B-8AE6A19F3630}.Debug|x86.ActiveCfg = Debug|Any CPU
		{50340DFC-55AF-4B74-AA4B-8AE6A19F3630}.Debug|x86.Build.0 = Debug|Any CPU
		{50340DFC-55AF-4B74-AA4B-8AE6A19F3630}.Release|Any CPU.ActiveCfg = Release|Any CPU
		{50340DFC-55AF-4B74-AA4B-8AE6A19F3630}.Release|Any CPU.Build.0 = Release|Any CPU
		{50340DFC-55AF-4B74-AA4B-8AE6A19F3630}.Release|ARM.ActiveCfg = Release|Any CPU
		{50340DFC-55AF-4B74-AA4B-8AE6A19F3630}.Release|ARM.Build.0 = Release|Any CPU
		{50340DFC-55AF-4B74-AA4B-8AE6A19F3630}.Release|x64.ActiveCfg = Release|Any CPU
		{50340DFC-55AF-4B74-AA4B-8AE6A19F3630}.Release|x64.Build.0 = Release|Any CPU
		{50340DFC-55AF-4B74-AA4B-8AE6A19F3630}.Release|x86.ActiveCfg = Release|Any CPU
		{50340DFC-55AF-4B74-AA4B-8AE6A19F3630}.Release|x86.Build.0 = Release|Any CPU
		{9C5C7CE2-47E4-4493-B252-921A9B5F34A4}.Debug|Any CPU.ActiveCfg = Debug|Any CPU
		{9C5C7CE2-47E4-4493-B252-921A9B5F34A4}.Debug|Any CPU.Build.0 = Debug|Any CPU
		{9C5C7CE2-47E4-4493-B252-921A9B5F34A4}.Debug|ARM.ActiveCfg = Debug|Any CPU
		{9C5C7CE2-47E4-4493-B252-921A9B5F34A4}.Debug|ARM.Build.0 = Debug|Any CPU
		{9C5C7CE2-47E4-4493-B252-921A9B5F34A4}.Debug|x64.ActiveCfg = Debug|Any CPU
		{9C5C7CE2-47E4-4493-B252-921A9B5F34A4}.Debug|x64.Build.0 = Debug|Any CPU
		{9C5C7CE2-47E4-4493-B252-921A9B5F34A4}.Debug|x86.ActiveCfg = Debug|Any CPU
		{9C5C7CE2-47E4-4493-B252-921A9B5F34A4}.Debug|x86.Build.0 = Debug|Any CPU
		{9C5C7CE2-47E4-4493-B252-921A9B5F34A4}.Release|Any CPU.ActiveCfg = Release|Any CPU
		{9C5C7CE2-47E4-4493-B252-921A9B5F34A4}.Release|Any CPU.Build.0 = Release|Any CPU
		{9C5C7CE2-47E4-4493-B252-921A9B5F34A4}.Release|ARM.ActiveCfg = Release|Any CPU
		{9C5C7CE2-47E4-4493-B252-921A9B5F34A4}.Release|ARM.Build.0 = Release|Any CPU
		{9C5C7CE2-47E4-4493-B252-921A9B5F34A4}.Release|x64.ActiveCfg = Release|Any CPU
		{9C5C7CE2-47E4-4493-B252-921A9B5F34A4}.Release|x64.Build.0 = Release|Any CPU
		{9C5C7CE2-47E4-4493-B252-921A9B5F34A4}.Release|x86.ActiveCfg = Release|Any CPU
		{9C5C7CE2-47E4-4493-B252-921A9B5F34A4}.Release|x86.Build.0 = Release|Any CPU
	EndGlobalSection
	GlobalSection(SolutionProperties) = preSolution
		HideSolutionNode = FALSE
	EndGlobalSection
EndGlobal
